
Microsoft Visual Studio Solution File, Format Version 12.00
# Visual Studio Version 17
VisualStudioVersion = 17.2.32602.215
MinimumVisualStudioVersion = 10.0.40219.1
Project("{FAE04EC0-301F-11D3-BF4B-00C04F79EFBC}") = "IATuber-Api", "IATuber-Api\IATuber-Api.csproj", "{EAA67532-00A6-45A0-A868-79FEF51CAF6C}"
EndProject
Project("{FAE04EC0-301F-11D3-BF4B-00C04F79EFBC}") = "Domain", "Domain\Domain.csproj", "{B6D6E0A0-843F-40AB-82A2-0FF7F8C76C01}"
EndProject
Project("{FAE04EC0-301F-11D3-BF4B-00C04F79EFBC}") = "Infra", "Infra\Infra.csproj", "{46400AB0-E4F0-4650-B3D6-35C7D0052393}"
EndProject
Global
	GlobalSection(SolutionConfigurationPlatforms) = preSolution
		Debug|Any CPU = Debug|Any CPU
		Release|Any CPU = Release|Any CPU
	EndGlobalSection
	GlobalSection(ProjectConfigurationPlatforms) = postSolution
		{EAA67532-00A6-45A0-A868-79FEF51CAF6C}.Debug|Any CPU.ActiveCfg = Debug|Any CPU
		{EAA67532-00A6-45A0-A868-79FEF51CAF6C}.Debug|Any CPU.Build.0 = Debug|Any CPU
		{EAA67532-00A6-45A0-A868-79FEF51CAF6C}.Release|Any CPU.ActiveCfg = Release|Any CPU
		{EAA67532-00A6-45A0-A868-79FEF51CAF6C}.Release|Any CPU.Build.0 = Release|Any CPU
		{B6D6E0A0-843F-40AB-82A2-0FF7F8C76C01}.Debug|Any CPU.ActiveCfg = Debug|Any CPU
		{B6D6E0A0-843F-40AB-82A2-0FF7F8C76C01}.Debug|Any CPU.Build.0 = Debug|Any CPU
		{B6D6E0A0-843F-40AB-82A2-0FF7F8C76C01}.Release|Any CPU.ActiveCfg = Release|Any CPU
		{B6D6E0A0-843F-40AB-82A2-0FF7F8C76C01}.Release|Any CPU.Build.0 = Release|Any CPU
		{46400AB0-E4F0-4650-B3D6-35C7D0052393}.Debug|Any CPU.ActiveCfg = Debug|Any CPU
		{46400AB0-E4F0-4650-B3D6-35C7D0052393}.Debug|Any CPU.Build.0 = Debug|Any CPU
		{46400AB0-E4F0-4650-B3D6-35C7D0052393}.Release|Any CPU.ActiveCfg = Release|Any CPU
		{46400AB0-E4F0-4650-B3D6-35C7D0052393}.Release|Any CPU.Build.0 = Release|Any CPU
	EndGlobalSection
	GlobalSection(SolutionProperties) = preSolution
		HideSolutionNode = FALSE
	EndGlobalSection
	GlobalSection(ExtensibilityGlobals) = postSolution
		SolutionGuid = {4C3D2085-B73E-4ECF-A9ED-3851E0386D82}
	EndGlobalSection
EndGlobal
